// !$*UTF8*$!
{
	archiveVersion = 1;
	classes = {
	};
	objectVersion = 55;
	objects = {

/* Begin PBXBuildFile section */
		E693D80E2770A9A60025C6FA /* RosterDutyDetailVC.swift in Sources */ = {isa = PBXBuildFile; fileRef = E693D80D2770A9A60025C6FA /* RosterDutyDetailVC.swift */; };
		E6D321AE27704B230067B760 /* Main.storyboard in Resources */ = {isa = PBXBuildFile; fileRef = E6D321AD27704B230067B760 /* Main.storyboard */; };
		E6D321E827704B500067B760 /* ApiCall.swift in Sources */ = {isa = PBXBuildFile; fileRef = E6D321B327704B500067B760 /* ApiCall.swift */; };
		E6D321E927704B500067B760 /* MultiPart.swift in Sources */ = {isa = PBXBuildFile; fileRef = E6D321B427704B500067B760 /* MultiPart.swift */; };
		E6D321EA27704B500067B760 /* JsonSerializer.swift in Sources */ = {isa = PBXBuildFile; fileRef = E6D321B727704B500067B760 /* JsonSerializer.swift */; };
		E6D321EB27704B500067B760 /* UIButtonExtension.swift in Sources */ = {isa = PBXBuildFile; fileRef = E6D321B927704B500067B760 /* UIButtonExtension.swift */; };
		E6D321EC27704B500067B760 /* ArrayExtensions.swift in Sources */ = {isa = PBXBuildFile; fileRef = E6D321BA27704B500067B760 /* ArrayExtensions.swift */; };
		E6D321ED27704B500067B760 /* UITextViewExtension.swift in Sources */ = {isa = PBXBuildFile; fileRef = E6D321BB27704B500067B760 /* UITextViewExtension.swift */; };
		E6D321EE27704B500067B760 /* FloatExtensions.swift in Sources */ = {isa = PBXBuildFile; fileRef = E6D321BC27704B500067B760 /* FloatExtensions.swift */; };
		E6D321EF27704B500067B760 /* ImageVideoPickerExtension.swift in Sources */ = {isa = PBXBuildFile; fileRef = E6D321BD27704B500067B760 /* ImageVideoPickerExtension.swift */; };
		E6D321F027704B500067B760 /* FontChangesExtension.swift in Sources */ = {isa = PBXBuildFile; fileRef = E6D321BE27704B500067B760 /* FontChangesExtension.swift */; };
		E6D321F127704B500067B760 /* ColorChange.swift in Sources */ = {isa = PBXBuildFile; fileRef = E6D321BF27704B500067B760 /* ColorChange.swift */; };
		E6D321F227704B500067B760 /* UITextFieldExtension.swift in Sources */ = {isa = PBXBuildFile; fileRef = E6D321C027704B500067B760 /* UITextFieldExtension.swift */; };
		E6D321F327704B500067B760 /* DictionaryExtensions.swift in Sources */ = {isa = PBXBuildFile; fileRef = E6D321C127704B500067B760 /* DictionaryExtensions.swift */; };
		E6D321F427704B500067B760 /* StringExtensions.swift in Sources */ = {isa = PBXBuildFile; fileRef = E6D321C227704B500067B760 /* StringExtensions.swift */; };
		E6D321F527704B500067B760 /* URLExtension.swift in Sources */ = {isa = PBXBuildFile; fileRef = E6D321C327704B500067B760 /* URLExtension.swift */; };
		E6D321F627704B500067B760 /* Extension.swift in Sources */ = {isa = PBXBuildFile; fileRef = E6D321C427704B500067B760 /* Extension.swift */; };
		E6D321F727704B500067B760 /* DoubleExtensions.swift in Sources */ = {isa = PBXBuildFile; fileRef = E6D321C527704B500067B760 /* DoubleExtensions.swift */; };
		E6D321F827704B500067B760 /* ViewExtension.swift in Sources */ = {isa = PBXBuildFile; fileRef = E6D321C627704B500067B760 /* ViewExtension.swift */; };
		E6D321F927704B500067B760 /* MonthYearPickerView.swift in Sources */ = {isa = PBXBuildFile; fileRef = E6D321C727704B500067B760 /* MonthYearPickerView.swift */; };
		E6D321FA27704B500067B760 /* IntExtensions.swift in Sources */ = {isa = PBXBuildFile; fileRef = E6D321C827704B500067B760 /* IntExtensions.swift */; };
		E6D321FB27704B500067B760 /* DateExtensions.swift in Sources */ = {isa = PBXBuildFile; fileRef = E6D321C927704B500067B760 /* DateExtensions.swift */; };
		E6D321FC27704B500067B760 /* OptionalExtensions.swift in Sources */ = {isa = PBXBuildFile; fileRef = E6D321CA27704B500067B760 /* OptionalExtensions.swift */; };
		E6D321FD27704B500067B760 /* UIImageExtension.swift in Sources */ = {isa = PBXBuildFile; fileRef = E6D321CB27704B500067B760 /* UIImageExtension.swift */; };
		E6D321FE27704B500067B760 /* Constants.swift in Sources */ = {isa = PBXBuildFile; fileRef = E6D321CD27704B500067B760 /* Constants.swift */; };
		E6D321FF27704B500067B760 /* UISideMenuNavigationController.swift in Sources */ = {isa = PBXBuildFile; fileRef = E6D321CF27704B500067B760 /* UISideMenuNavigationController.swift */; };
		E6D3220027704B500067B760 /* SideMenuManager.swift in Sources */ = {isa = PBXBuildFile; fileRef = E6D321D027704B500067B760 /* SideMenuManager.swift */; };
		E6D3220127704B500067B760 /* SideMenuTransition.swift in Sources */ = {isa = PBXBuildFile; fileRef = E6D321D127704B500067B760 /* SideMenuTransition.swift */; };
		E6D3220227704B500067B760 /* UITableViewVibrantCell.swift in Sources */ = {isa = PBXBuildFile; fileRef = E6D321D227704B500067B760 /* UITableViewVibrantCell.swift */; };
		E6D3220327704B500067B760 /* ConnectionCheck.swift in Sources */ = {isa = PBXBuildFile; fileRef = E6D321D427704B500067B760 /* ConnectionCheck.swift */; };
		E6D3220427704B500067B760 /* OpenSans-SemiBold.ttf in Resources */ = {isa = PBXBuildFile; fileRef = E6D321D627704B500067B760 /* OpenSans-SemiBold.ttf */; };
		E6D3220527704B500067B760 /* OpenSans-Light.ttf in Resources */ = {isa = PBXBuildFile; fileRef = E6D321D727704B500067B760 /* OpenSans-Light.ttf */; };
		E6D3220627704B500067B760 /* OpenSans-Italic.ttf in Resources */ = {isa = PBXBuildFile; fileRef = E6D321D827704B500067B760 /* OpenSans-Italic.ttf */; };
		E6D3220727704B500067B760 /* OpenSans-ExtraBold.ttf in Resources */ = {isa = PBXBuildFile; fileRef = E6D321D927704B500067B760 /* OpenSans-ExtraBold.ttf */; };
		E6D3220827704B500067B760 /* OpenSans-LightItalic.ttf in Resources */ = {isa = PBXBuildFile; fileRef = E6D321DA27704B500067B760 /* OpenSans-LightItalic.ttf */; };
		E6D3220927704B500067B760 /* OpenSans-Bold.ttf in Resources */ = {isa = PBXBuildFile; fileRef = E6D321DB27704B500067B760 /* OpenSans-Bold.ttf */; };
		E6D3220A27704B500067B760 /* OpenSans-SemiBoldItalic.ttf in Resources */ = {isa = PBXBuildFile; fileRef = E6D321DC27704B500067B760 /* OpenSans-SemiBoldItalic.ttf */; };
		E6D3220B27704B500067B760 /* OpenSans-ExtraBoldItalic.ttf in Resources */ = {isa = PBXBuildFile; fileRef = E6D321DD27704B500067B760 /* OpenSans-ExtraBoldItalic.ttf */; };
		E6D3220C27704B500067B760 /* OpenSans-Regular.ttf in Resources */ = {isa = PBXBuildFile; fileRef = E6D321DE27704B500067B760 /* OpenSans-Regular.ttf */; };
		E6D3220D27704B500067B760 /* OpenSans-BoldItalic.ttf in Resources */ = {isa = PBXBuildFile; fileRef = E6D321DF27704B500067B760 /* OpenSans-BoldItalic.ttf */; };
		E6D3220E27704B500067B760 /* NotificationDelegate.swift in Sources */ = {isa = PBXBuildFile; fileRef = E6D321E427704B500067B760 /* NotificationDelegate.swift */; };
		E6D3220F27704B500067B760 /* Utility.swift in Sources */ = {isa = PBXBuildFile; fileRef = E6D321E527704B500067B760 /* Utility.swift */; };
		E6D3221027704B500067B760 /* Color.xcassets in Resources */ = {isa = PBXBuildFile; fileRef = E6D321E727704B500067B760 /* Color.xcassets */; };
		E6D3221527704DB70067B760 /* RosterDutiesVC.swift in Sources */ = {isa = PBXBuildFile; fileRef = E6D3221427704DB70067B760 /* RosterDutiesVC.swift */; };
		E6D322182770590D0067B760 /* RosterDutiesModel.swift in Sources */ = {isa = PBXBuildFile; fileRef = E6D322172770590D0067B760 /* RosterDutiesModel.swift */; };
		E6D3221B27706A550067B760 /* RosterDutiesTVC.swift in Sources */ = {isa = PBXBuildFile; fileRef = E6D3221A27706A550067B760 /* RosterDutiesTVC.swift */; };
		E6E3F99027703DAB006B0D26 /* AppDelegate.swift in Sources */ = {isa = PBXBuildFile; fileRef = E6E3F98F27703DAB006B0D26 /* AppDelegate.swift */; };
		E6E3F99927703DAD006B0D26 /* Assets.xcassets in Resources */ = {isa = PBXBuildFile; fileRef = E6E3F99827703DAD006B0D26 /* Assets.xcassets */; };
		E6E3F99C27703DAD006B0D26 /* LaunchScreen.storyboard in Resources */ = {isa = PBXBuildFile; fileRef = E6E3F99A27703DAD006B0D26 /* LaunchScreen.storyboard */; };
		E6E3F9A727703DAE006B0D26 /* CAE_PracticalTests.swift in Sources */ = {isa = PBXBuildFile; fileRef = E6E3F9A627703DAE006B0D26 /* CAE_PracticalTests.swift */; };
		E6E3F9B127703DAE006B0D26 /* CAE_PracticalUITests.swift in Sources */ = {isa = PBXBuildFile; fileRef = E6E3F9B027703DAE006B0D26 /* CAE_PracticalUITests.swift */; };
		E6E3F9B327703DAE006B0D26 /* CAE_PracticalUITestsLaunchTests.swift in Sources */ = {isa = PBXBuildFile; fileRef = E6E3F9B227703DAE006B0D26 /* CAE_PracticalUITestsLaunchTests.swift */; };
		F501B48E6ECB76F741BB08D9 /* Pods_CAE_Practical.framework in Frameworks */ = {isa = PBXBuildFile; fileRef = 8CF9D44631F7B8EE016FC6E1 /* Pods_CAE_Practical.framework */; };
/* End PBXBuildFile section */

/* Begin PBXContainerItemProxy section */
		E6E3F9A327703DAE006B0D26 /* PBXContainerItemProxy */ = {
			isa = PBXContainerItemProxy;
			containerPortal = E6E3F98427703DAB006B0D26 /* Project object */;
			proxyType = 1;
			remoteGlobalIDString = E6E3F98B27703DAB006B0D26;
			remoteInfo = "CAE-Practical";
		};
		E6E3F9AD27703DAE006B0D26 /* PBXContainerItemProxy */ = {
			isa = PBXContainerItemProxy;
			containerPortal = E6E3F98427703DAB006B0D26 /* Project object */;
			proxyType = 1;
			remoteGlobalIDString = E6E3F98B27703DAB006B0D26;
			remoteInfo = "CAE-Practical";
		};
/* End PBXContainerItemProxy section */

/* Begin PBXFileReference section */
		24D6F5A527CEBBA2002530D6 /* Pods-CAE-Practical.debug.xcconfig */ = {isa = PBXFileReference; includeInIndex = 1; lastKnownFileType = text.xcconfig; name = "Pods-CAE-Practical.debug.xcconfig"; path = "Target Support Files/Pods-CAE-Practical/Pods-CAE-Practical.debug.xcconfig"; sourceTree = "<group>"; };
		8CF9D44631F7B8EE016FC6E1 /* Pods_CAE_Practical.framework */ = {isa = PBXFileReference; explicitFileType = wrapper.framework; includeInIndex = 0; path = Pods_CAE_Practical.framework; sourceTree = BUILT_PRODUCTS_DIR; };
		939C135AF6FF9EB8B45A73BC /* Pods-CAE-Practical.release.xcconfig */ = {isa = PBXFileReference; includeInIndex = 1; lastKnownFileType = text.xcconfig; name = "Pods-CAE-Practical.release.xcconfig"; path = "Target Support Files/Pods-CAE-Practical/Pods-CAE-Practical.release.xcconfig"; sourceTree = "<group>"; };
		E693D80D2770A9A60025C6FA /* RosterDutyDetailVC.swift */ = {isa = PBXFileReference; lastKnownFileType = sourcecode.swift; path = RosterDutyDetailVC.swift; sourceTree = "<group>"; };
		E6D321AD27704B230067B760 /* Main.storyboard */ = {isa = PBXFileReference; fileEncoding = 4; lastKnownFileType = file.storyboard; path = Main.storyboard; sourceTree = "<group>"; };
		E6D321B327704B500067B760 /* ApiCall.swift */ = {isa = PBXFileReference; fileEncoding = 4; lastKnownFileType = sourcecode.swift; path = ApiCall.swift; sourceTree = "<group>"; };
		E6D321B427704B500067B760 /* MultiPart.swift */ = {isa = PBXFileReference; fileEncoding = 4; lastKnownFileType = sourcecode.swift; path = MultiPart.swift; sourceTree = "<group>"; };
		E6D321B627704B500067B760 /* JsonSerializerSwift.h */ = {isa = PBXFileReference; fileEncoding = 4; lastKnownFileType = sourcecode.c.h; path = JsonSerializerSwift.h; sourceTree = "<group>"; };
		E6D321B727704B500067B760 /* JsonSerializer.swift */ = {isa = PBXFileReference; fileEncoding = 4; lastKnownFileType = sourcecode.swift; path = JsonSerializer.swift; sourceTree = "<group>"; };
		E6D321B927704B500067B760 /* UIButtonExtension.swift */ = {isa = PBXFileReference; fileEncoding = 4; lastKnownFileType = sourcecode.swift; path = UIButtonExtension.swift; sourceTree = "<group>"; };
		E6D321BA27704B500067B760 /* ArrayExtensions.swift */ = {isa = PBXFileReference; fileEncoding = 4; lastKnownFileType = sourcecode.swift; path = ArrayExtensions.swift; sourceTree = "<group>"; };
		E6D321BB27704B500067B760 /* UITextViewExtension.swift */ = {isa = PBXFileReference; fileEncoding = 4; lastKnownFileType = sourcecode.swift; path = UITextViewExtension.swift; sourceTree = "<group>"; };
		E6D321BC27704B500067B760 /* FloatExtensions.swift */ = {isa = PBXFileReference; fileEncoding = 4; lastKnownFileType = sourcecode.swift; path = FloatExtensions.swift; sourceTree = "<group>"; };
		E6D321BD27704B500067B760 /* ImageVideoPickerExtension.swift */ = {isa = PBXFileReference; fileEncoding = 4; lastKnownFileType = sourcecode.swift; path = ImageVideoPickerExtension.swift; sourceTree = "<group>"; };
		E6D321BE27704B500067B760 /* FontChangesExtension.swift */ = {isa = PBXFileReference; fileEncoding = 4; lastKnownFileType = sourcecode.swift; path = FontChangesExtension.swift; sourceTree = "<group>"; };
		E6D321BF27704B500067B760 /* ColorChange.swift */ = {isa = PBXFileReference; fileEncoding = 4; lastKnownFileType = sourcecode.swift; path = ColorChange.swift; sourceTree = "<group>"; };
		E6D321C027704B500067B760 /* UITextFieldExtension.swift */ = {isa = PBXFileReference; fileEncoding = 4; lastKnownFileType = sourcecode.swift; path = UITextFieldExtension.swift; sourceTree = "<group>"; };
		E6D321C127704B500067B760 /* DictionaryExtensions.swift */ = {isa = PBXFileReference; fileEncoding = 4; lastKnownFileType = sourcecode.swift; path = DictionaryExtensions.swift; sourceTree = "<group>"; };
		E6D321C227704B500067B760 /* StringExtensions.swift */ = {isa = PBXFileReference; fileEncoding = 4; lastKnownFileType = sourcecode.swift; path = StringExtensions.swift; sourceTree = "<group>"; };
		E6D321C327704B500067B760 /* URLExtension.swift */ = {isa = PBXFileReference; fileEncoding = 4; lastKnownFileType = sourcecode.swift; path = URLExtension.swift; sourceTree = "<group>"; };
		E6D321C427704B500067B760 /* Extension.swift */ = {isa = PBXFileReference; fileEncoding = 4; lastKnownFileType = sourcecode.swift; path = Extension.swift; sourceTree = "<group>"; };
		E6D321C527704B500067B760 /* DoubleExtensions.swift */ = {isa = PBXFileReference; fileEncoding = 4; lastKnownFileType = sourcecode.swift; path = DoubleExtensions.swift; sourceTree = "<group>"; };
		E6D321C627704B500067B760 /* ViewExtension.swift */ = {isa = PBXFileReference; fileEncoding = 4; lastKnownFileType = sourcecode.swift; path = ViewExtension.swift; sourceTree = "<group>"; };
		E6D321C727704B500067B760 /* MonthYearPickerView.swift */ = {isa = PBXFileReference; fileEncoding = 4; lastKnownFileType = sourcecode.swift; path = MonthYearPickerView.swift; sourceTree = "<group>"; };
		E6D321C827704B500067B760 /* IntExtensions.swift */ = {isa = PBXFileReference; fileEncoding = 4; lastKnownFileType = sourcecode.swift; path = IntExtensions.swift; sourceTree = "<group>"; };
		E6D321C927704B500067B760 /* DateExtensions.swift */ = {isa = PBXFileReference; fileEncoding = 4; lastKnownFileType = sourcecode.swift; path = DateExtensions.swift; sourceTree = "<group>"; };
		E6D321CA27704B500067B760 /* OptionalExtensions.swift */ = {isa = PBXFileReference; fileEncoding = 4; lastKnownFileType = sourcecode.swift; path = OptionalExtensions.swift; sourceTree = "<group>"; };
		E6D321CB27704B500067B760 /* UIImageExtension.swift */ = {isa = PBXFileReference; fileEncoding = 4; lastKnownFileType = sourcecode.swift; path = UIImageExtension.swift; sourceTree = "<group>"; };
		E6D321CD27704B500067B760 /* Constants.swift */ = {isa = PBXFileReference; fileEncoding = 4; lastKnownFileType = sourcecode.swift; path = Constants.swift; sourceTree = "<group>"; };
		E6D321CF27704B500067B760 /* UISideMenuNavigationController.swift */ = {isa = PBXFileReference; fileEncoding = 4; lastKnownFileType = sourcecode.swift; path = UISideMenuNavigationController.swift; sourceTree = "<group>"; };
		E6D321D027704B500067B760 /* SideMenuManager.swift */ = {isa = PBXFileReference; fileEncoding = 4; lastKnownFileType = sourcecode.swift; path = SideMenuManager.swift; sourceTree = "<group>"; };
		E6D321D127704B500067B760 /* SideMenuTransition.swift */ = {isa = PBXFileReference; fileEncoding = 4; lastKnownFileType = sourcecode.swift; path = SideMenuTransition.swift; sourceTree = "<group>"; };
		E6D321D227704B500067B760 /* UITableViewVibrantCell.swift */ = {isa = PBXFileReference; fileEncoding = 4; lastKnownFileType = sourcecode.swift; path = UITableViewVibrantCell.swift; sourceTree = "<group>"; };
		E6D321D427704B500067B760 /* ConnectionCheck.swift */ = {isa = PBXFileReference; fileEncoding = 4; lastKnownFileType = sourcecode.swift; path = ConnectionCheck.swift; sourceTree = "<group>"; };
		E6D321D627704B500067B760 /* OpenSans-SemiBold.ttf */ = {isa = PBXFileReference; lastKnownFileType = file; path = "OpenSans-SemiBold.ttf"; sourceTree = "<group>"; };
		E6D321D727704B500067B760 /* OpenSans-Light.ttf */ = {isa = PBXFileReference; lastKnownFileType = file; path = "OpenSans-Light.ttf"; sourceTree = "<group>"; };
		E6D321D827704B500067B760 /* OpenSans-Italic.ttf */ = {isa = PBXFileReference; lastKnownFileType = file; path = "OpenSans-Italic.ttf"; sourceTree = "<group>"; };
		E6D321D927704B500067B760 /* OpenSans-ExtraBold.ttf */ = {isa = PBXFileReference; lastKnownFileType = file; path = "OpenSans-ExtraBold.ttf"; sourceTree = "<group>"; };
		E6D321DA27704B500067B760 /* OpenSans-LightItalic.ttf */ = {isa = PBXFileReference; lastKnownFileType = file; path = "OpenSans-LightItalic.ttf"; sourceTree = "<group>"; };
		E6D321DB27704B500067B760 /* OpenSans-Bold.ttf */ = {isa = PBXFileReference; lastKnownFileType = file; path = "OpenSans-Bold.ttf"; sourceTree = "<group>"; };
		E6D321DC27704B500067B760 /* OpenSans-SemiBoldItalic.ttf */ = {isa = PBXFileReference; lastKnownFileType = file; path = "OpenSans-SemiBoldItalic.ttf"; sourceTree = "<group>"; };
		E6D321DD27704B500067B760 /* OpenSans-ExtraBoldItalic.ttf */ = {isa = PBXFileReference; lastKnownFileType = file; path = "OpenSans-ExtraBoldItalic.ttf"; sourceTree = "<group>"; };
		E6D321DE27704B500067B760 /* OpenSans-Regular.ttf */ = {isa = PBXFileReference; lastKnownFileType = file; path = "OpenSans-Regular.ttf"; sourceTree = "<group>"; };
		E6D321DF27704B500067B760 /* OpenSans-BoldItalic.ttf */ = {isa = PBXFileReference; lastKnownFileType = file; path = "OpenSans-BoldItalic.ttf"; sourceTree = "<group>"; };
		E6D321E427704B500067B760 /* NotificationDelegate.swift */ = {isa = PBXFileReference; fileEncoding = 4; lastKnownFileType = sourcecode.swift; path = NotificationDelegate.swift; sourceTree = "<group>"; };
		E6D321E527704B500067B760 /* Utility.swift */ = {isa = PBXFileReference; fileEncoding = 4; lastKnownFileType = sourcecode.swift; path = Utility.swift; sourceTree = "<group>"; };
		E6D321E727704B500067B760 /* Color.xcassets */ = {isa = PBXFileReference; lastKnownFileType = folder.assetcatalog; path = Color.xcassets; sourceTree = "<group>"; };
		E6D3221127704B930067B760 /* CAE-Practical-Bridging-Header.h */ = {isa = PBXFileReference; lastKnownFileType = sourcecode.c.h; path = "CAE-Practical-Bridging-Header.h"; sourceTree = "<group>"; };
		E6D3221427704DB70067B760 /* RosterDutiesVC.swift */ = {isa = PBXFileReference; lastKnownFileType = sourcecode.swift; path = RosterDutiesVC.swift; sourceTree = "<group>"; };
		E6D322172770590D0067B760 /* RosterDutiesModel.swift */ = {isa = PBXFileReference; lastKnownFileType = sourcecode.swift; path = RosterDutiesModel.swift; sourceTree = "<group>"; };
		E6D3221A27706A550067B760 /* RosterDutiesTVC.swift */ = {isa = PBXFileReference; lastKnownFileType = sourcecode.swift; path = RosterDutiesTVC.swift; sourceTree = "<group>"; };
		E6E3F98C27703DAB006B0D26 /* CAE-Practical.app */ = {isa = PBXFileReference; explicitFileType = wrapper.application; includeInIndex = 0; path = "CAE-Practical.app"; sourceTree = BUILT_PRODUCTS_DIR; };
		E6E3F98F27703DAB006B0D26 /* AppDelegate.swift */ = {isa = PBXFileReference; lastKnownFileType = sourcecode.swift; path = AppDelegate.swift; sourceTree = "<group>"; };
		E6E3F99827703DAD006B0D26 /* Assets.xcassets */ = {isa = PBXFileReference; lastKnownFileType = folder.assetcatalog; path = Assets.xcassets; sourceTree = "<group>"; };
		E6E3F99B27703DAD006B0D26 /* Base */ = {isa = PBXFileReference; lastKnownFileType = file.storyboard; name = Base; path = Base.lproj/LaunchScreen.storyboard; sourceTree = "<group>"; };
		E6E3F99D27703DAD006B0D26 /* Info.plist */ = {isa = PBXFileReference; lastKnownFileType = text.plist.xml; path = Info.plist; sourceTree = "<group>"; };
		E6E3F9A227703DAE006B0D26 /* CAE-PracticalTests.xctest */ = {isa = PBXFileReference; explicitFileType = wrapper.cfbundle; includeInIndex = 0; path = "CAE-PracticalTests.xctest"; sourceTree = BUILT_PRODUCTS_DIR; };
		E6E3F9A627703DAE006B0D26 /* CAE_PracticalTests.swift */ = {isa = PBXFileReference; lastKnownFileType = sourcecode.swift; path = CAE_PracticalTests.swift; sourceTree = "<group>"; };
		E6E3F9AC27703DAE006B0D26 /* CAE-PracticalUITests.xctest */ = {isa = PBXFileReference; explicitFileType = wrapper.cfbundle; includeInIndex = 0; path = "CAE-PracticalUITests.xctest"; sourceTree = BUILT_PRODUCTS_DIR; };
		E6E3F9B027703DAE006B0D26 /* CAE_PracticalUITests.swift */ = {isa = PBXFileReference; lastKnownFileType = sourcecode.swift; path = CAE_PracticalUITests.swift; sourceTree = "<group>"; };
		E6E3F9B227703DAE006B0D26 /* CAE_PracticalUITestsLaunchTests.swift */ = {isa = PBXFileReference; lastKnownFileType = sourcecode.swift; path = CAE_PracticalUITestsLaunchTests.swift; sourceTree = "<group>"; };
/* End PBXFileReference section */

/* Begin PBXFrameworksBuildPhase section */
		E6E3F98927703DAB006B0D26 /* Frameworks */ = {
			isa = PBXFrameworksBuildPhase;
			buildActionMask = 2147483647;
			files = (
				F501B48E6ECB76F741BB08D9 /* Pods_CAE_Practical.framework in Frameworks */,
			);
			runOnlyForDeploymentPostprocessing = 0;
		};
		E6E3F99F27703DAE006B0D26 /* Frameworks */ = {
			isa = PBXFrameworksBuildPhase;
			buildActionMask = 2147483647;
			files = (
			);
			runOnlyForDeploymentPostprocessing = 0;
		};
		E6E3F9A927703DAE006B0D26 /* Frameworks */ = {
			isa = PBXFrameworksBuildPhase;
			buildActionMask = 2147483647;
			files = (
			);
			runOnlyForDeploymentPostprocessing = 0;
		};
/* End PBXFrameworksBuildPhase section */

/* Begin PBXGroup section */
		375DC9330BC94F9F1EEFBB66 /* Frameworks */ = {
			isa = PBXGroup;
			children = (
				8CF9D44631F7B8EE016FC6E1 /* Pods_CAE_Practical.framework */,
			);
			name = Frameworks;
			sourceTree = "<group>";
		};
		E1D6256E768F180E408A80AA /* Pods */ = {
			isa = PBXGroup;
			children = (
				24D6F5A527CEBBA2002530D6 /* Pods-CAE-Practical.debug.xcconfig */,
				939C135AF6FF9EB8B45A73BC /* Pods-CAE-Practical.release.xcconfig */,
			);
			path = Pods;
			sourceTree = "<group>";
		};
		E693D80C2770A98E0025C6FA /* Roster Duty Detail */ = {
			isa = PBXGroup;
			children = (
				E693D80D2770A9A60025C6FA /* RosterDutyDetailVC.swift */,
			);
			path = "Roster Duty Detail";
			sourceTree = "<group>";
		};
		E6D321AC27704B070067B760 /* Designs */ = {
			isa = PBXGroup;
			children = (
				E6E3F99A27703DAD006B0D26 /* LaunchScreen.storyboard */,
				E6D321AD27704B230067B760 /* Main.storyboard */,
			);
			path = Designs;
			sourceTree = "<group>";
		};
		E6D321AF27704B300067B760 /* AppDelegate */ = {
			isa = PBXGroup;
			children = (
				E6E3F98F27703DAB006B0D26 /* AppDelegate.swift */,
			);
			path = AppDelegate;
			sourceTree = "<group>";
		};
		E6D321B027704B3A0067B760 /* Images */ = {
			isa = PBXGroup;
			children = (
				E6E3F99827703DAD006B0D26 /* Assets.xcassets */,
			);
			path = Images;
			sourceTree = "<group>";
		};
		E6D321B127704B500067B760 /* Helper */ = {
			isa = PBXGroup;
			children = (
				E6D321B227704B500067B760 /* ApiCall */,
				E6D321CC27704B500067B760 /* Constants */,
				E6D321B827704B500067B760 /* Extension */,
				E6D321D527704B500067B760 /* Fonts */,
				E6D321E027704B500067B760 /* HeaderFile */,
				E6D321B527704B500067B760 /* JsonSerializerSwift */,
				E6D321D327704B500067B760 /* Reachability */,
				E6D321CE27704B500067B760 /* SideMenu */,
				E6D321E327704B500067B760 /* Utility */,
			);
			path = Helper;
			sourceTree = "<group>";
		};
		E6D321B227704B500067B760 /* ApiCall */ = {
			isa = PBXGroup;
			children = (
				E6D321B327704B500067B760 /* ApiCall.swift */,
				E6D321B427704B500067B760 /* MultiPart.swift */,
			);
			path = ApiCall;
			sourceTree = "<group>";
		};
		E6D321B527704B500067B760 /* JsonSerializerSwift */ = {
			isa = PBXGroup;
			children = (
				E6D321B727704B500067B760 /* JsonSerializer.swift */,
				E6D321B627704B500067B760 /* JsonSerializerSwift.h */,
			);
			path = JsonSerializerSwift;
			sourceTree = "<group>";
		};
		E6D321B827704B500067B760 /* Extension */ = {
			isa = PBXGroup;
			children = (
				E6D321BA27704B500067B760 /* ArrayExtensions.swift */,
				E6D321BF27704B500067B760 /* ColorChange.swift */,
				E6D321C927704B500067B760 /* DateExtensions.swift */,
				E6D321C127704B500067B760 /* DictionaryExtensions.swift */,
				E6D321C527704B500067B760 /* DoubleExtensions.swift */,
				E6D321C427704B500067B760 /* Extension.swift */,
				E6D321BC27704B500067B760 /* FloatExtensions.swift */,
				E6D321BE27704B500067B760 /* FontChangesExtension.swift */,
				E6D321BD27704B500067B760 /* ImageVideoPickerExtension.swift */,
				E6D321C827704B500067B760 /* IntExtensions.swift */,
				E6D321C727704B500067B760 /* MonthYearPickerView.swift */,
				E6D321CA27704B500067B760 /* OptionalExtensions.swift */,
				E6D321C227704B500067B760 /* StringExtensions.swift */,
				E6D321B927704B500067B760 /* UIButtonExtension.swift */,
				E6D321CB27704B500067B760 /* UIImageExtension.swift */,
				E6D321C027704B500067B760 /* UITextFieldExtension.swift */,
				E6D321BB27704B500067B760 /* UITextViewExtension.swift */,
				E6D321C327704B500067B760 /* URLExtension.swift */,
				E6D321C627704B500067B760 /* ViewExtension.swift */,
			);
			path = Extension;
			sourceTree = "<group>";
		};
		E6D321CC27704B500067B760 /* Constants */ = {
			isa = PBXGroup;
			children = (
				E6D321CD27704B500067B760 /* Constants.swift */,
			);
			path = Constants;
			sourceTree = "<group>";
		};
		E6D321CE27704B500067B760 /* SideMenu */ = {
			isa = PBXGroup;
			children = (
				E6D321D027704B500067B760 /* SideMenuManager.swift */,
				E6D321D127704B500067B760 /* SideMenuTransition.swift */,
				E6D321CF27704B500067B760 /* UISideMenuNavigationController.swift */,
				E6D321D227704B500067B760 /* UITableViewVibrantCell.swift */,
			);
			path = SideMenu;
			sourceTree = "<group>";
		};
		E6D321D327704B500067B760 /* Reachability */ = {
			isa = PBXGroup;
			children = (
				E6D321D427704B500067B760 /* ConnectionCheck.swift */,
			);
			path = Reachability;
			sourceTree = "<group>";
		};
		E6D321D527704B500067B760 /* Fonts */ = {
			isa = PBXGroup;
			children = (
				E6D321DB27704B500067B760 /* OpenSans-Bold.ttf */,
				E6D321DF27704B500067B760 /* OpenSans-BoldItalic.ttf */,
				E6D321D927704B500067B760 /* OpenSans-ExtraBold.ttf */,
				E6D321DD27704B500067B760 /* OpenSans-ExtraBoldItalic.ttf */,
				E6D321D827704B500067B760 /* OpenSans-Italic.ttf */,
				E6D321D727704B500067B760 /* OpenSans-Light.ttf */,
				E6D321DA27704B500067B760 /* OpenSans-LightItalic.ttf */,
				E6D321DE27704B500067B760 /* OpenSans-Regular.ttf */,
				E6D321D627704B500067B760 /* OpenSans-SemiBold.ttf */,
				E6D321DC27704B500067B760 /* OpenSans-SemiBoldItalic.ttf */,
			);
			path = Fonts;
			sourceTree = "<group>";
		};
		E6D321E027704B500067B760 /* HeaderFile */ = {
			isa = PBXGroup;
			children = (
				E6D3221127704B930067B760 /* CAE-Practical-Bridging-Header.h */,
			);
			path = HeaderFile;
			sourceTree = "<group>";
		};
		E6D321E327704B500067B760 /* Utility */ = {
			isa = PBXGroup;
			children = (
				E6D321E427704B500067B760 /* NotificationDelegate.swift */,
				E6D321E527704B500067B760 /* Utility.swift */,
			);
			path = Utility;
			sourceTree = "<group>";
		};
		E6D321E627704B500067B760 /* Colors */ = {
			isa = PBXGroup;
			children = (
				E6D321E727704B500067B760 /* Color.xcassets */,
			);
			path = Colors;
			sourceTree = "<group>";
		};
		E6D3221227704DA10067B760 /* Modules */ = {
			isa = PBXGroup;
			children = (
				E6D3221327704DA70067B760 /* Roster Duties */,
				E693D80C2770A98E0025C6FA /* Roster Duty Detail */,
			);
			path = Modules;
			sourceTree = "<group>";
		};
		E6D3221327704DA70067B760 /* Roster Duties */ = {
			isa = PBXGroup;
			children = (
				E6D3221927706A400067B760 /* Cell */,
				E6D32216277058BB0067B760 /* Model */,
				E6D3221427704DB70067B760 /* RosterDutiesVC.swift */,
			);
			path = "Roster Duties";
			sourceTree = "<group>";
		};
		E6D32216277058BB0067B760 /* Model */ = {
			isa = PBXGroup;
			children = (
				E6D322172770590D0067B760 /* RosterDutiesModel.swift */,
			);
			path = Model;
			sourceTree = "<group>";
		};
		E6D3221927706A400067B760 /* Cell */ = {
			isa = PBXGroup;
			children = (
				E6D3221A27706A550067B760 /* RosterDutiesTVC.swift */,
			);
			path = Cell;
			sourceTree = "<group>";
		};
		E6E3F98327703DAB006B0D26 = {
			isa = PBXGroup;
			children = (
				E6E3F98E27703DAB006B0D26 /* CAE-Practical */,
				E6E3F9A527703DAE006B0D26 /* CAE-PracticalTests */,
				E6E3F9AF27703DAE006B0D26 /* CAE-PracticalUITests */,
				E6E3F98D27703DAB006B0D26 /* Products */,
				E1D6256E768F180E408A80AA /* Pods */,
				375DC9330BC94F9F1EEFBB66 /* Frameworks */,
			);
			sourceTree = "<group>";
		};
		E6E3F98D27703DAB006B0D26 /* Products */ = {
			isa = PBXGroup;
			children = (
				E6E3F98C27703DAB006B0D26 /* CAE-Practical.app */,
				E6E3F9A227703DAE006B0D26 /* CAE-PracticalTests.xctest */,
				E6E3F9AC27703DAE006B0D26 /* CAE-PracticalUITests.xctest */,
			);
			name = Products;
			sourceTree = "<group>";
		};
		E6E3F98E27703DAB006B0D26 /* CAE-Practical */ = {
			isa = PBXGroup;
			children = (
				E6D321AF27704B300067B760 /* AppDelegate */,
				E6D321E627704B500067B760 /* Colors */,
				E6D321AC27704B070067B760 /* Designs */,
				E6D321B127704B500067B760 /* Helper */,
				E6D321B027704B3A0067B760 /* Images */,
				E6E3F99D27703DAD006B0D26 /* Info.plist */,
				E6D3221227704DA10067B760 /* Modules */,
			);
			path = "CAE-Practical";
			sourceTree = "<group>";
		};
		E6E3F9A527703DAE006B0D26 /* CAE-PracticalTests */ = {
			isa = PBXGroup;
			children = (
				E6E3F9A627703DAE006B0D26 /* CAE_PracticalTests.swift */,
			);
			path = "CAE-PracticalTests";
			sourceTree = "<group>";
		};
		E6E3F9AF27703DAE006B0D26 /* CAE-PracticalUITests */ = {
			isa = PBXGroup;
			children = (
				E6E3F9B027703DAE006B0D26 /* CAE_PracticalUITests.swift */,
				E6E3F9B227703DAE006B0D26 /* CAE_PracticalUITestsLaunchTests.swift */,
			);
			path = "CAE-PracticalUITests";
			sourceTree = "<group>";
		};
/* End PBXGroup section */

/* Begin PBXNativeTarget section */
		E6E3F98B27703DAB006B0D26 /* CAE-Practical */ = {
			isa = PBXNativeTarget;
			buildConfigurationList = E6E3F9B627703DAE006B0D26 /* Build configuration list for PBXNativeTarget "CAE-Practical" */;
			buildPhases = (
				5A0ABB0B103EA9227138C78B /* [CP] Check Pods Manifest.lock */,
				E6E3F98827703DAB006B0D26 /* Sources */,
				E6E3F98927703DAB006B0D26 /* Frameworks */,
				E6E3F98A27703DAB006B0D26 /* Resources */,
				362565C53D7E4A09ADF6700E /* [CP] Embed Pods Frameworks */,
			);
			buildRules = (
			);
			dependencies = (
			);
			name = "CAE-Practical";
			productName = "CAE-Practical";
			productReference = E6E3F98C27703DAB006B0D26 /* CAE-Practical.app */;
			productType = "com.apple.product-type.application";
		};
		E6E3F9A127703DAE006B0D26 /* CAE-PracticalTests */ = {
			isa = PBXNativeTarget;
			buildConfigurationList = E6E3F9B927703DAE006B0D26 /* Build configuration list for PBXNativeTarget "CAE-PracticalTests" */;
			buildPhases = (
				E6E3F99E27703DAE006B0D26 /* Sources */,
				E6E3F99F27703DAE006B0D26 /* Frameworks */,
				E6E3F9A027703DAE006B0D26 /* Resources */,
			);
			buildRules = (
			);
			dependencies = (
				E6E3F9A427703DAE006B0D26 /* PBXTargetDependency */,
			);
			name = "CAE-PracticalTests";
			productName = "CAE-PracticalTests";
			productReference = E6E3F9A227703DAE006B0D26 /* CAE-PracticalTests.xctest */;
			productType = "com.apple.product-type.bundle.unit-test";
		};
		E6E3F9AB27703DAE006B0D26 /* CAE-PracticalUITests */ = {
			isa = PBXNativeTarget;
			buildConfigurationList = E6E3F9BC27703DAE006B0D26 /* Build configuration list for PBXNativeTarget "CAE-PracticalUITests" */;
			buildPhases = (
				E6E3F9A827703DAE006B0D26 /* Sources */,
				E6E3F9A927703DAE006B0D26 /* Frameworks */,
				E6E3F9AA27703DAE006B0D26 /* Resources */,
			);
			buildRules = (
			);
			dependencies = (
				E6E3F9AE27703DAE006B0D26 /* PBXTargetDependency */,
			);
			name = "CAE-PracticalUITests";
			productName = "CAE-PracticalUITests";
			productReference = E6E3F9AC27703DAE006B0D26 /* CAE-PracticalUITests.xctest */;
			productType = "com.apple.product-type.bundle.ui-testing";
		};
/* End PBXNativeTarget section */

/* Begin PBXProject section */
		E6E3F98427703DAB006B0D26 /* Project object */ = {
			isa = PBXProject;
			attributes = {
				BuildIndependentTargetsInParallel = 1;
				LastSwiftUpdateCheck = 1320;
				LastUpgradeCheck = 1320;
				TargetAttributes = {
					E6E3F98B27703DAB006B0D26 = {
						CreatedOnToolsVersion = 13.2;
					};
					E6E3F9A127703DAE006B0D26 = {
						CreatedOnToolsVersion = 13.2;
						TestTargetID = E6E3F98B27703DAB006B0D26;
					};
					E6E3F9AB27703DAE006B0D26 = {
						CreatedOnToolsVersion = 13.2;
						TestTargetID = E6E3F98B27703DAB006B0D26;
					};
				};
			};
			buildConfigurationList = E6E3F98727703DAB006B0D26 /* Build configuration list for PBXProject "CAE-Practical" */;
			compatibilityVersion = "Xcode 13.0";
			developmentRegion = en;
			hasScannedForEncodings = 0;
			knownRegions = (
				en,
				Base,
			);
			mainGroup = E6E3F98327703DAB006B0D26;
			productRefGroup = E6E3F98D27703DAB006B0D26 /* Products */;
			projectDirPath = "";
			projectRoot = "";
			targets = (
				E6E3F98B27703DAB006B0D26 /* CAE-Practical */,
				E6E3F9A127703DAE006B0D26 /* CAE-PracticalTests */,
				E6E3F9AB27703DAE006B0D26 /* CAE-PracticalUITests */,
			);
		};
/* End PBXProject section */

/* Begin PBXResourcesBuildPhase section */
		E6E3F98A27703DAB006B0D26 /* Resources */ = {
			isa = PBXResourcesBuildPhase;
			buildActionMask = 2147483647;
			files = (
				E6D3220427704B500067B760 /* OpenSans-SemiBold.ttf in Resources */,
				E6D321AE27704B230067B760 /* Main.storyboard in Resources */,
				E6D3220727704B500067B760 /* OpenSans-ExtraBold.ttf in Resources */,
				E6E3F99C27703DAD006B0D26 /* LaunchScreen.storyboard in Resources */,
				E6D3220A27704B500067B760 /* OpenSans-SemiBoldItalic.ttf in Resources */,
				E6D3220627704B500067B760 /* OpenSans-Italic.ttf in Resources */,
				E6D3220927704B500067B760 /* OpenSans-Bold.ttf in Resources */,
				E6D3220527704B500067B760 /* OpenSans-Light.ttf in Resources */,
				E6D3220D27704B500067B760 /* OpenSans-BoldItalic.ttf in Resources */,
				E6D3220827704B500067B760 /* OpenSans-LightItalic.ttf in Resources */,
				E6D3220B27704B500067B760 /* OpenSans-ExtraBoldItalic.ttf in Resources */,
				E6D3221027704B500067B760 /* Color.xcassets in Resources */,
				E6D3220C27704B500067B760 /* OpenSans-Regular.ttf in Resources */,
				E6E3F99927703DAD006B0D26 /* Assets.xcassets in Resources */,
			);
			runOnlyForDeploymentPostprocessing = 0;
		};
		E6E3F9A027703DAE006B0D26 /* Resources */ = {
			isa = PBXResourcesBuildPhase;
			buildActionMask = 2147483647;
			files = (
			);
			runOnlyForDeploymentPostprocessing = 0;
		};
		E6E3F9AA27703DAE006B0D26 /* Resources */ = {
			isa = PBXResourcesBuildPhase;
			buildActionMask = 2147483647;
			files = (
			);
			runOnlyForDeploymentPostprocessing = 0;
		};
/* End PBXResourcesBuildPhase section */

/* Begin PBXShellScriptBuildPhase section */
		362565C53D7E4A09ADF6700E /* [CP] Embed Pods Frameworks */ = {
			isa = PBXShellScriptBuildPhase;
			buildActionMask = 2147483647;
			files = (
			);
			inputFileListPaths = (
				"${PODS_ROOT}/Target Support Files/Pods-CAE-Practical/Pods-CAE-Practical-frameworks-${CONFIGURATION}-input-files.xcfilelist",
			);
			name = "[CP] Embed Pods Frameworks";
			outputFileListPaths = (
				"${PODS_ROOT}/Target Support Files/Pods-CAE-Practical/Pods-CAE-Practical-frameworks-${CONFIGURATION}-output-files.xcfilelist",
			);
			runOnlyForDeploymentPostprocessing = 0;
			shellPath = /bin/sh;
			shellScript = "\"${PODS_ROOT}/Target Support Files/Pods-CAE-Practical/Pods-CAE-Practical-frameworks.sh\"\n";
			showEnvVarsInLog = 0;
		};
		5A0ABB0B103EA9227138C78B /* [CP] Check Pods Manifest.lock */ = {
			isa = PBXShellScriptBuildPhase;
			buildActionMask = 2147483647;
			files = (
			);
			inputFileListPaths = (
			);
			inputPaths = (
				"${PODS_PODFILE_DIR_PATH}/Podfile.lock",
				"${PODS_ROOT}/Manifest.lock",
			);
			name = "[CP] Check Pods Manifest.lock";
			outputFileListPaths = (
			);
			outputPaths = (
				"$(DERIVED_FILE_DIR)/Pods-CAE-Practical-checkManifestLockResult.txt",
			);
			runOnlyForDeploymentPostprocessing = 0;
			shellPath = /bin/sh;
			shellScript = "diff \"${PODS_PODFILE_DIR_PATH}/Podfile.lock\" \"${PODS_ROOT}/Manifest.lock\" > /dev/null\nif [ $? != 0 ] ; then\n    # print error to STDERR\n    echo \"error: The sandbox is not in sync with the Podfile.lock. Run 'pod install' or update your CocoaPods installation.\" >&2\n    exit 1\nfi\n# This output is used by Xcode 'outputs' to avoid re-running this script phase.\necho \"SUCCESS\" > \"${SCRIPT_OUTPUT_FILE_0}\"\n";
			showEnvVarsInLog = 0;
		};
/* End PBXShellScriptBuildPhase section */

/* Begin PBXSourcesBuildPhase section */
		E6E3F98827703DAB006B0D26 /* Sources */ = {
			isa = PBXSourcesBuildPhase;
			buildActionMask = 2147483647;
			files = (
				E6D321F827704B500067B760 /* ViewExtension.swift in Sources */,
				E6D321ED27704B500067B760 /* UITextViewExtension.swift in Sources */,
				E6D3220227704B500067B760 /* UITableViewVibrantCell.swift in Sources */,
				E6D321FF27704B500067B760 /* UISideMenuNavigationController.swift in Sources */,
				E6D321FD27704B500067B760 /* UIImageExtension.swift in Sources */,
				E6D322182770590D0067B760 /* RosterDutiesModel.swift in Sources */,
				E6D321F227704B500067B760 /* UITextFieldExtension.swift in Sources */,
				E6D321FC27704B500067B760 /* OptionalExtensions.swift in Sources */,
				E6D321F327704B500067B760 /* DictionaryExtensions.swift in Sources */,
				E6D321E927704B500067B760 /* MultiPart.swift in Sources */,
				E6D321FA27704B500067B760 /* IntExtensions.swift in Sources */,
				E6D321EC27704B500067B760 /* ArrayExtensions.swift in Sources */,
				E6D321F527704B500067B760 /* URLExtension.swift in Sources */,
				E6D321EB27704B500067B760 /* UIButtonExtension.swift in Sources */,
				E6D3221527704DB70067B760 /* RosterDutiesVC.swift in Sources */,
				E6D3220327704B500067B760 /* ConnectionCheck.swift in Sources */,
				E6D321F627704B500067B760 /* Extension.swift in Sources */,
				E6D321F127704B500067B760 /* ColorChange.swift in Sources */,
				E6D321EF27704B500067B760 /* ImageVideoPickerExtension.swift in Sources */,
				E6D321E827704B500067B760 /* ApiCall.swift in Sources */,
				E6D321F027704B500067B760 /* FontChangesExtension.swift in Sources */,
				E6D3220127704B500067B760 /* SideMenuTransition.swift in Sources */,
				E6D3220027704B500067B760 /* SideMenuManager.swift in Sources */,
				E6D321FB27704B500067B760 /* DateExtensions.swift in Sources */,
				E6D321F727704B500067B760 /* DoubleExtensions.swift in Sources */,
				E6D321F427704B500067B760 /* StringExtensions.swift in Sources */,
				E6E3F99027703DAB006B0D26 /* AppDelegate.swift in Sources */,
				E6D3220E27704B500067B760 /* NotificationDelegate.swift in Sources */,
				E6D3220F27704B500067B760 /* Utility.swift in Sources */,
				E6D321EE27704B500067B760 /* FloatExtensions.swift in Sources */,
				E6D3221B27706A550067B760 /* RosterDutiesTVC.swift in Sources */,
				E693D80E2770A9A60025C6FA /* RosterDutyDetailVC.swift in Sources */,
				E6D321F927704B500067B760 /* MonthYearPickerView.swift in Sources */,
				E6D321EA27704B500067B760 /* JsonSerializer.swift in Sources */,
				E6D321FE27704B500067B760 /* Constants.swift in Sources */,
			);
			runOnlyForDeploymentPostprocessing = 0;
		};
		E6E3F99E27703DAE006B0D26 /* Sources */ = {
			isa = PBXSourcesBuildPhase;
			buildActionMask = 2147483647;
			files = (
				E6E3F9A727703DAE006B0D26 /* CAE_PracticalTests.swift in Sources */,
			);
			runOnlyForDeploymentPostprocessing = 0;
		};
		E6E3F9A827703DAE006B0D26 /* Sources */ = {
			isa = PBXSourcesBuildPhase;
			buildActionMask = 2147483647;
			files = (
				E6E3F9B327703DAE006B0D26 /* CAE_PracticalUITestsLaunchTests.swift in Sources */,
				E6E3F9B127703DAE006B0D26 /* CAE_PracticalUITests.swift in Sources */,
			);
			runOnlyForDeploymentPostprocessing = 0;
		};
/* End PBXSourcesBuildPhase section */

/* Begin PBXTargetDependency section */
		E6E3F9A427703DAE006B0D26 /* PBXTargetDependency */ = {
			isa = PBXTargetDependency;
			target = E6E3F98B27703DAB006B0D26 /* CAE-Practical */;
			targetProxy = E6E3F9A327703DAE006B0D26 /* PBXContainerItemProxy */;
		};
		E6E3F9AE27703DAE006B0D26 /* PBXTargetDependency */ = {
			isa = PBXTargetDependency;
			target = E6E3F98B27703DAB006B0D26 /* CAE-Practical */;
			targetProxy = E6E3F9AD27703DAE006B0D26 /* PBXContainerItemProxy */;
		};
/* End PBXTargetDependency section */

/* Begin PBXVariantGroup section */
		E6E3F99A27703DAD006B0D26 /* LaunchScreen.storyboard */ = {
			isa = PBXVariantGroup;
			children = (
				E6E3F99B27703DAD006B0D26 /* Base */,
			);
			name = LaunchScreen.storyboard;
			sourceTree = "<group>";
		};
/* End PBXVariantGroup section */

/* Begin XCBuildConfiguration section */
		E6E3F9B427703DAE006B0D26 /* Debug */ = {
			isa = XCBuildConfiguration;
			buildSettings = {
				ALWAYS_SEARCH_USER_PATHS = NO;
				CLANG_ANALYZER_NONNULL = YES;
				CLANG_ANALYZER_NUMBER_OBJECT_CONVERSION = YES_AGGRESSIVE;
				CLANG_CXX_LANGUAGE_STANDARD = "gnu++17";
				CLANG_CXX_LIBRARY = "libc++";
				CLANG_ENABLE_MODULES = YES;
				CLANG_ENABLE_OBJC_ARC = YES;
				CLANG_ENABLE_OBJC_WEAK = YES;
				CLANG_WARN_BLOCK_CAPTURE_AUTORELEASING = YES;
				CLANG_WARN_BOOL_CONVERSION = YES;
				CLANG_WARN_COMMA = YES;
				CLANG_WARN_CONSTANT_CONVERSION = YES;
				CLANG_WARN_DEPRECATED_OBJC_IMPLEMENTATIONS = YES;
				CLANG_WARN_DIRECT_OBJC_ISA_USAGE = YES_ERROR;
				CLANG_WARN_DOCUMENTATION_COMMENTS = YES;
				CLANG_WARN_EMPTY_BODY = YES;
				CLANG_WARN_ENUM_CONVERSION = YES;
				CLANG_WARN_INFINITE_RECURSION = YES;
				CLANG_WARN_INT_CONVERSION = YES;
				CLANG_WARN_NON_LITERAL_NULL_CONVERSION = YES;
				CLANG_WARN_OBJC_IMPLICIT_RETAIN_SELF = YES;
				CLANG_WARN_OBJC_LITERAL_CONVERSION = YES;
				CLANG_WARN_OBJC_ROOT_CLASS = YES_ERROR;
				CLANG_WARN_QUOTED_INCLUDE_IN_FRAMEWORK_HEADER = YES;
				CLANG_WARN_RANGE_LOOP_ANALYSIS = YES;
				CLANG_WARN_STRICT_PROTOTYPES = YES;
				CLANG_WARN_SUSPICIOUS_MOVE = YES;
				CLANG_WARN_UNGUARDED_AVAILABILITY = YES_AGGRESSIVE;
				CLANG_WARN_UNREACHABLE_CODE = YES;
				CLANG_WARN__DUPLICATE_METHOD_MATCH = YES;
				COPY_PHASE_STRIP = NO;
				DEBUG_INFORMATION_FORMAT = dwarf;
				ENABLE_STRICT_OBJC_MSGSEND = YES;
				ENABLE_TESTABILITY = YES;
				GCC_C_LANGUAGE_STANDARD = gnu11;
				GCC_DYNAMIC_NO_PIC = NO;
				GCC_NO_COMMON_BLOCKS = YES;
				GCC_OPTIMIZATION_LEVEL = 0;
				GCC_PREPROCESSOR_DEFINITIONS = (
					"DEBUG=1",
					"$(inherited)",
				);
				GCC_WARN_64_TO_32_BIT_CONVERSION = YES;
				GCC_WARN_ABOUT_RETURN_TYPE = YES_ERROR;
				GCC_WARN_UNDECLARED_SELECTOR = YES;
				GCC_WARN_UNINITIALIZED_AUTOS = YES_AGGRESSIVE;
				GCC_WARN_UNUSED_FUNCTION = YES;
				GCC_WARN_UNUSED_VARIABLE = YES;
				IPHONEOS_DEPLOYMENT_TARGET = 15.2;
				MTL_ENABLE_DEBUG_INFO = INCLUDE_SOURCE;
				MTL_FAST_MATH = YES;
				ONLY_ACTIVE_ARCH = YES;
				SDKROOT = iphoneos;
				SWIFT_ACTIVE_COMPILATION_CONDITIONS = DEBUG;
				SWIFT_OPTIMIZATION_LEVEL = "-Onone";
			};
			name = Debug;
		};
		E6E3F9B527703DAE006B0D26 /* Release */ = {
			isa = XCBuildConfiguration;
			buildSettings = {
				ALWAYS_SEARCH_USER_PATHS = NO;
				CLANG_ANALYZER_NONNULL = YES;
				CLANG_ANALYZER_NUMBER_OBJECT_CONVERSION = YES_AGGRESSIVE;
				CLANG_CXX_LANGUAGE_STANDARD = "gnu++17";
				CLANG_CXX_LIBRARY = "libc++";
				CLANG_ENABLE_MODULES = YES;
				CLANG_ENABLE_OBJC_ARC = YES;
				CLANG_ENABLE_OBJC_WEAK = YES;
				CLANG_WARN_BLOCK_CAPTURE_AUTORELEASING = YES;
				CLANG_WARN_BOOL_CONVERSION = YES;
				CLANG_WARN_COMMA = YES;
				CLANG_WARN_CONSTANT_CONVERSION = YES;
				CLANG_WARN_DEPRECATED_OBJC_IMPLEMENTATIONS = YES;
				CLANG_WARN_DIRECT_OBJC_ISA_USAGE = YES_ERROR;
				CLANG_WARN_DOCUMENTATION_COMMENTS = YES;
				CLANG_WARN_EMPTY_BODY = YES;
				CLANG_WARN_ENUM_CONVERSION = YES;
				CLANG_WARN_INFINITE_RECURSION = YES;
				CLANG_WARN_INT_CONVERSION = YES;
				CLANG_WARN_NON_LITERAL_NULL_CONVERSION = YES;
				CLANG_WARN_OBJC_IMPLICIT_RETAIN_SELF = YES;
				CLANG_WARN_OBJC_LITERAL_CONVERSION = YES;
				CLANG_WARN_OBJC_ROOT_CLASS = YES_ERROR;
				CLANG_WARN_QUOTED_INCLUDE_IN_FRAMEWORK_HEADER = YES;
				CLANG_WARN_RANGE_LOOP_ANALYSIS = YES;
				CLANG_WARN_STRICT_PROTOTYPES = YES;
				CLANG_WARN_SUSPICIOUS_MOVE = YES;
				CLANG_WARN_UNGUARDED_AVAILABILITY = YES_AGGRESSIVE;
				CLANG_WARN_UNREACHABLE_CODE = YES;
				CLANG_WARN__DUPLICATE_METHOD_MATCH = YES;
				COPY_PHASE_STRIP = NO;
				DEBUG_INFORMATION_FORMAT = "dwarf-with-dsym";
				ENABLE_NS_ASSERTIONS = NO;
				ENABLE_STRICT_OBJC_MSGSEND = YES;
				GCC_C_LANGUAGE_STANDARD = gnu11;
				GCC_NO_COMMON_BLOCKS = YES;
				GCC_WARN_64_TO_32_BIT_CONVERSION = YES;
				GCC_WARN_ABOUT_RETURN_TYPE = YES_ERROR;
				GCC_WARN_UNDECLARED_SELECTOR = YES;
				GCC_WARN_UNINITIALIZED_AUTOS = YES_AGGRESSIVE;
				GCC_WARN_UNUSED_FUNCTION = YES;
				GCC_WARN_UNUSED_VARIABLE = YES;
				IPHONEOS_DEPLOYMENT_TARGET = 15.2;
				MTL_ENABLE_DEBUG_INFO = NO;
				MTL_FAST_MATH = YES;
				SDKROOT = iphoneos;
				SWIFT_COMPILATION_MODE = wholemodule;
				SWIFT_OPTIMIZATION_LEVEL = "-O";
				VALIDATE_PRODUCT = YES;
			};
			name = Release;
		};
		E6E3F9B727703DAE006B0D26 /* Debug */ = {
			isa = XCBuildConfiguration;
			baseConfigurationReference = 24D6F5A527CEBBA2002530D6 /* Pods-CAE-Practical.debug.xcconfig */;
			buildSettings = {
				ASSETCATALOG_COMPILER_APPICON_NAME = AppIcon;
				ASSETCATALOG_COMPILER_GLOBAL_ACCENT_COLOR_NAME = AccentColor;
				CODE_SIGN_STYLE = Automatic;
				CURRENT_PROJECT_VERSION = 1.0;
				GENERATE_INFOPLIST_FILE = YES;
				INFOPLIST_FILE = "CAE-Practical/Info.plist";
				INFOPLIST_KEY_UIApplicationSupportsIndirectInputEvents = YES;
				INFOPLIST_KEY_UILaunchStoryboardName = LaunchScreen;
				INFOPLIST_KEY_UIMainStoryboardFile = Main;
				INFOPLIST_KEY_UISupportedInterfaceOrientations_iPad = "UIInterfaceOrientationPortrait UIInterfaceOrientationPortraitUpsideDown UIInterfaceOrientationLandscapeLeft UIInterfaceOrientationLandscapeRight";
				INFOPLIST_KEY_UISupportedInterfaceOrientations_iPhone = "UIInterfaceOrientationPortrait UIInterfaceOrientationLandscapeLeft UIInterfaceOrientationLandscapeRight";
				IPHONEOS_DEPLOYMENT_TARGET = 13.0;
				LD_RUNPATH_SEARCH_PATHS = (
					"$(inherited)",
					"@executable_path/Frameworks",
				);
				MARKETING_VERSION = 1.0;
				PRODUCT_BUNDLE_IDENTIFIER = "com.CAE-Practical";
				PRODUCT_NAME = "$(TARGET_NAME)";
				SWIFT_EMIT_LOC_STRINGS = YES;
				SWIFT_OBJC_BRIDGING_HEADER = "$(SRCROOT)/CAE-Practical/Helper/HeaderFile/CAE-Practical-Bridging-Header.h";
				SWIFT_VERSION = 5.0;
				TARGETED_DEVICE_FAMILY = 1;
			};
			name = Debug;
		};
		E6E3F9B827703DAE006B0D26 /* Release */ = {
			isa = XCBuildConfiguration;
			baseConfigurationReference = 939C135AF6FF9EB8B45A73BC /* Pods-CAE-Practical.release.xcconfig */;
			buildSettings = {
				ASSETCATALOG_COMPILER_APPICON_NAME = AppIcon;
				ASSETCATALOG_COMPILER_GLOBAL_ACCENT_COLOR_NAME = AccentColor;
				CODE_SIGN_STYLE = Automatic;
				CURRENT_PROJECT_VERSION = 1.0;
				GENERATE_INFOPLIST_FILE = YES;
				INFOPLIST_FILE = "CAE-Practical/Info.plist";
				INFOPLIST_KEY_UIApplicationSupportsIndirectInputEvents = YES;
				INFOPLIST_KEY_UILaunchStoryboardName = LaunchScreen;
				INFOPLIST_KEY_UIMainStoryboardFile = Main;
				INFOPLIST_KEY_UISupportedInterfaceOrientations_iPad = "UIInterfaceOrientationPortrait UIInterfaceOrientationPortraitUpsideDown UIInterfaceOrientationLandscapeLeft UIInterfaceOrientationLandscapeRight";
				INFOPLIST_KEY_UISupportedInterfaceOrientations_iPhone = "UIInterfaceOrientationPortrait UIInterfaceOrientationLandscapeLeft UIInterfaceOrientationLandscapeRight";
				IPHONEOS_DEPLOYMENT_TARGET = 13.0;
				LD_RUNPATH_SEARCH_PATHS = (
					"$(inherited)",
					"@executable_path/Frameworks",
				);
				MARKETING_VERSION = 1.0;
				PRODUCT_BUNDLE_IDENTIFIER = "com.CAE-Practical";
				PRODUCT_NAME = "$(TARGET_NAME)";
				SWIFT_EMIT_LOC_STRINGS = YES;
				SWIFT_OBJC_BRIDGING_HEADER = "$(SRCROOT)/CAE-Practical/Helper/HeaderFile/CAE-Practical-Bridging-Header.h";
				SWIFT_VERSION = 5.0;
				TARGETED_DEVICE_FAMILY = 1;
			};
			name = Release;
		};
		E6E3F9BA27703DAE006B0D26 /* Debug */ = {
			isa = XCBuildConfiguration;
			buildSettings = {
				ALWAYS_EMBED_SWIFT_STANDARD_LIBRARIES = YES;
				BUNDLE_LOADER = "$(TEST_HOST)";
				CODE_SIGN_STYLE = Automatic;
				CURRENT_PROJECT_VERSION = 1;
				GENERATE_INFOPLIST_FILE = YES;
				IPHONEOS_DEPLOYMENT_TARGET = 15.2;
				MARKETING_VERSION = 1.0;
				PRODUCT_BUNDLE_IDENTIFIER = "com.CAE-PracticalTests";
				PRODUCT_NAME = "$(TARGET_NAME)";
				SWIFT_EMIT_LOC_STRINGS = NO;
				SWIFT_VERSION = 5.0;
				TARGETED_DEVICE_FAMILY = "1,2";
				TEST_HOST = "$(BUILT_PRODUCTS_DIR)/CAE-Practical.app/CAE-Practical";
			};
			name = Debug;
		};
		E6E3F9BB27703DAE006B0D26 /* Release */ = {
			isa = XCBuildConfiguration;
			buildSettings = {
				ALWAYS_EMBED_SWIFT_STANDARD_LIBRARIES = YES;
				BUNDLE_LOADER = "$(TEST_HOST)";
				CODE_SIGN_STYLE = Automatic;
				CURRENT_PROJECT_VERSION = 1;
				GENERATE_INFOPLIST_FILE = YES;
				IPHONEOS_DEPLOYMENT_TARGET = 15.2;
				MARKETING_VERSION = 1.0;
				PRODUCT_BUNDLE_IDENTIFIER = "com.CAE-PracticalTests";
				PRODUCT_NAME = "$(TARGET_NAME)";
				SWIFT_EMIT_LOC_STRINGS = NO;
				SWIFT_VERSION = 5.0;
				TARGETED_DEVICE_FAMILY = "1,2";
				TEST_HOST = "$(BUILT_PRODUCTS_DIR)/CAE-Practical.app/CAE-Practical";
			};
			name = Release;
		};
		E6E3F9BD27703DAE006B0D26 /* Debug */ = {
			isa = XCBuildConfiguration;
			buildSettings = {
				ALWAYS_EMBED_SWIFT_STANDARD_LIBRARIES = YES;
				CODE_SIGN_STYLE = Automatic;
				CURRENT_PROJECT_VERSION = 1;
				GENERATE_INFOPLIST_FILE = YES;
				MARKETING_VERSION = 1.0;
				PRODUCT_BUNDLE_IDENTIFIER = "com.CAE-PracticalUITests";
				PRODUCT_NAME = "$(TARGET_NAME)";
				SWIFT_EMIT_LOC_STRINGS = NO;
				SWIFT_VERSION = 5.0;
				TARGETED_DEVICE_FAMILY = "1,2";
				TEST_TARGET_NAME = "CAE-Practical";
			};
			name = Debug;
		};
		E6E3F9BE27703DAE006B0D26 /* Release */ = {
			isa = XCBuildConfiguration;
			buildSettings = {
				ALWAYS_EMBED_SWIFT_STANDARD_LIBRARIES = YES;
				CODE_SIGN_STYLE = Automatic;
				CURRENT_PROJECT_VERSION = 1;
				GENERATE_INFOPLIST_FILE = YES;
				MARKETING_VERSION = 1.0;
				PRODUCT_BUNDLE_IDENTIFIER = "com.CAE-PracticalUITests";
				PRODUCT_NAME = "$(TARGET_NAME)";
				SWIFT_EMIT_LOC_STRINGS = NO;
				SWIFT_VERSION = 5.0;
				TARGETED_DEVICE_FAMILY = "1,2";
				TEST_TARGET_NAME = "CAE-Practical";
			};
			name = Release;
		};
/* End XCBuildConfiguration section */

/* Begin XCConfigurationList section */
		E6E3F98727703DAB006B0D26 /* Build configuration list for PBXProject "CAE-Practical" */ = {
			isa = XCConfigurationList;
			buildConfigurations = (
				E6E3F9B427703DAE006B0D26 /* Debug */,
				E6E3F9B527703DAE006B0D26 /* Release */,
			);
			defaultConfigurationIsVisible = 0;
			defaultConfigurationName = Release;
		};
		E6E3F9B627703DAE006B0D26 /* Build configuration list for PBXNativeTarget "CAE-Practical" */ = {
			isa = XCConfigurationList;
			buildConfigurations = (
				E6E3F9B727703DAE006B0D26 /* Debug */,
				E6E3F9B827703DAE006B0D26 /* Release */,
			);
			defaultConfigurationIsVisible = 0;
			defaultConfigurationName = Release;
		};
		E6E3F9B927703DAE006B0D26 /* Build configuration list for PBXNativeTarget "CAE-PracticalTests" */ = {
			isa = XCConfigurationList;
			buildConfigurations = (
				E6E3F9BA27703DAE006B0D26 /* Debug */,
				E6E3F9BB27703DAE006B0D26 /* Release */,
			);
			defaultConfigurationIsVisible = 0;
			defaultConfigurationName = Release;
		};
		E6E3F9BC27703DAE006B0D26 /* Build configuration list for PBXNativeTarget "CAE-PracticalUITests" */ = {
			isa = XCConfigurationList;
			buildConfigurations = (
				E6E3F9BD27703DAE006B0D26 /* Debug */,
				E6E3F9BE27703DAE006B0D26 /* Release */,
			);
			defaultConfigurationIsVisible = 0;
			defaultConfigurationName = Release;
		};
/* End XCConfigurationList section */
	};
	rootObject = E6E3F98427703DAB006B0D26 /* Project object */;
}
